
Microsoft Visual Studio Solution File, Format Version 11.00
# Visual Studio 2010
Project("{FAE04EC0-301F-11D3-BF4B-00C04F79EFBC}") = "UDPServer", "UDPServer\UDPServer.csproj", "{E9BB6053-E663-41C0-9B20-0E6AC813AA6D}"
EndProject
Global
	GlobalSection(SolutionConfigurationPlatforms) = preSolution
		Debug|Any CPU = Debug|Any CPU
		Release|Any CPU = Release|Any CPU
	EndGlobalSection
	GlobalSection(ProjectConfigurationPlatforms) = postSolution
		{E9BB6053-E663-41C0-9B20-0E6AC813AA6D}.Debug|Any CPU.ActiveCfg = Debug|Any CPU
		{E9BB6053-E663-41C0-9B20-0E6AC813AA6D}.Debug|Any CPU.Build.0 = Debug|Any CPU
		{E9BB6053-E663-41C0-9B20-0E6AC813AA6D}.Release|Any CPU.ActiveCfg = Release|Any CPU
		{E9BB6053-E663-41C0-9B20-0E6AC813AA6D}.Release|Any CPU.Build.0 = Release|Any CPU
	EndGlobalSection
	GlobalSection(SolutionProperties) = preSolution
		HideSolutionNode = FALSE
	EndGlobalSection
EndGlobal
